
Microsoft Visual Studio Solution File, Format Version 12.00
# Visual Studio Version 17
VisualStudioVersion = 17.2.32630.192
MinimumVisualStudioVersion = 10.0.40219.1
Project("{FAE04EC0-301F-11D3-BF4B-00C04F79EFBC}") = "ExpenseTracker API", "ExpenseTracker API\ExpenseTracker API.csproj", "{8851EF41-8835-48F5-B16F-3673C43C8C2D}"
EndProject
Global
	GlobalSection(SolutionConfigurationPlatforms) = preSolution
		Debug|Any CPU = Debug|Any CPU
		Release|Any CPU = Release|Any CPU
	EndGlobalSection
	GlobalSection(ProjectConfigurationPlatforms) = postSolution
		{8851EF41-8835-48F5-B16F-3673C43C8C2D}.Debug|Any CPU.ActiveCfg = Debug|Any CPU
		{8851EF41-8835-48F5-B16F-3673C43C8C2D}.Debug|Any CPU.Build.0 = Debug|Any CPU
		{8851EF41-8835-48F5-B16F-3673C43C8C2D}.Release|Any CPU.ActiveCfg = Release|Any CPU
		{8851EF41-8835-48F5-B16F-3673C43C8C2D}.Release|Any CPU.Build.0 = Release|Any CPU
	EndGlobalSection
	GlobalSection(SolutionProperties) = preSolution
		HideSolutionNode = FALSE
	EndGlobalSection
	GlobalSection(ExtensibilityGlobals) = postSolution
		SolutionGuid = {0D0E3FA7-8E35-4DA7-9E33-0D88B254470A}
	EndGlobalSection
EndGlobal
